{
    "_readme": [
        "This file locks the dependencies of your project to a known state",
        "Read more about it at https://getcomposer.org/doc/01-basic-usage.md#composer-lock-the-lock-file",
        "This file is @generated automatically"
    ],
    "content-hash": "a26ce1a7353087c26044bf712b56cded",
    "packages": [
        {
            "name": "ckeditor/fakeobjects",
            "version": "4.6.2",
            "dist": {
                "type": "zip",
                "url": "http://download.ckeditor.com/fakeobjects/releases/fakeobjects_4.6.2.zip",
                "reference": null,
                "shasum": null
            },
            "require": {
                "composer/installers": "~1.0"
            },
            "type": "drupal-library",
            "extra": {
                "installer-name": "ckeditor.fakeobjects"
            }
        },
        {
            "name": "ckeditor/image",
            "version": "4.6.2",
            "dist": {
                "type": "zip",
                "url": "http://download.ckeditor.com/image/releases/image_4.6.2.zip",
                "reference": null,
                "shasum": null
            },
            "require": {
                "composer/installers": "~1.0"
            },
            "type": "drupal-library",
            "extra": {
                "installer-name": "ckeditor.image"
            }
        },
        {
            "name": "ckeditor/link",
            "version": "4.6.2",
            "dist": {
                "type": "zip",
                "url": "http://download.ckeditor.com/link/releases/link_4.6.2.zip",
                "reference": null,
                "shasum": null
            },
            "require": {
                "composer/installers": "~1.0"
            },
            "type": "drupal-library",
            "extra": {
                "installer-name": "ckeditor.link"
            }
        },
        {
            "name": "codemirror/codemirror",
            "version": "5.25.2",
            "dist": {
                "type": "zip",
                "url": "https://github.com/components/codemirror/archive/5.25.2.zip",
                "reference": null,
                "shasum": null
            },
            "require": {
                "composer/installers": "~1.0"
            },
            "type": "drupal-library",
            "extra": {
                "installer-name": "codemirror"
            }
        },
        {
            "name": "composer/installers",
            "version": "v1.4.0",
            "source": {
                "type": "git",
                "url": "https://github.com/composer/installers.git",
                "reference": "9ce17fb70e9a38dd8acff0636a29f5cf4d575c1b"
            },
            "dist": {
                "type": "zip",
                "url": "https://api.github.com/repos/composer/installers/zipball/9ce17fb70e9a38dd8acff0636a29f5cf4d575c1b",
                "reference": "9ce17fb70e9a38dd8acff0636a29f5cf4d575c1b",
                "shasum": ""
            },
            "require": {
                "composer-plugin-api": "^1.0"
            },
            "replace": {
                "roundcube/plugin-installer": "*",
                "shama/baton": "*"
            },
            "require-dev": {
                "composer/composer": "1.0.*@dev",
                "phpunit/phpunit": "4.1.*"
            },
            "type": "composer-plugin",
            "extra": {
                "class": "Composer\\Installers\\Plugin",
                "branch-alias": {
                    "dev-master": "1.0-dev"
                }
            },
            "autoload": {
                "psr-4": {
                    "Composer\\Installers\\": "src/Composer/Installers"
                }
            },
            "notification-url": "https://packagist.org/downloads/",
            "license": [
                "MIT"
            ],
            "authors": [
                {
                    "name": "Kyle Robinson Young",
                    "email": "kyle@dontkry.com",
                    "homepage": "https://github.com/shama"
                }
            ],
            "description": "A multi-framework Composer library installer",
            "homepage": "https://composer.github.io/installers/",
            "keywords": [
                "Craft",
                "Dolibarr",
                "Eliasis",
                "Hurad",
                "ImageCMS",
                "Kanboard",
                "Lan Management System",
                "MODX Evo",
                "Mautic",
                "Maya",
                "OXID",
                "Plentymarkets",
                "Porto",
                "RadPHP",
                "SMF",
                "Thelia",
                "WolfCMS",
                "agl",
                "aimeos",
                "annotatecms",
                "attogram",
                "bitrix",
                "cakephp",
                "chef",
                "cockpit",
                "codeigniter",
                "concrete5",
                "croogo",
                "dokuwiki",
                "drupal",
                "eZ Platform",
                "elgg",
                "expressionengine",
                "fuelphp",
                "grav",
                "installer",
                "itop",
                "joomla",
                "kohana",
                "laravel",
                "lavalite",
                "lithium",
                "magento",
                "mako",
                "mediawiki",
                "modulework",
                "moodle",
                "osclass",
                "phpbb",
                "piwik",
                "ppi",
                "puppet",
                "reindex",
                "roundcube",
                "shopware",
                "silverstripe",
                "sydes",
                "symfony",
                "typo3",
                "wordpress",
                "yawik",
                "zend",
                "zikula"
            ],
            "time": "2017-08-09T07:53:48+00:00"
        },
        {
            "name": "jquery/geocomplete",
            "version": "1.7.0",
            "dist": {
                "type": "zip",
                "url": "https://github.com/ubilabs/geocomplete/archive/1.7.0.zip",
                "reference": null,
                "shasum": null
            },
            "require": {
                "composer/installers": "~1.0"
            },
            "type": "drupal-library",
            "extra": {
                "installer-name": "jquery.geocomplete"
            }
        },
        {
            "name": "jquery/icheck",
            "version": "1.0.2 ",
            "dist": {
                "type": "zip",
                "url": "https://github.com/fronteed/icheck/archive/1.0.2.zip",
                "reference": null,
                "shasum": null
            },
            "require": {
                "composer/installers": "~1.0"
            },
            "type": "drupal-library",
            "extra": {
                "installer-name": "jquery.icheck"
            }
        },
        {
            "name": "jquery/image-picker",
            "version": "0.3.0",
            "dist": {
                "type": "zip",
                "url": "https://github.com/rvera/image-picker/archive/0.3.0.zip",
                "reference": null,
                "shasum": null
            },
            "require": {
                "composer/installers": "~1.0"
            },
            "type": "drupal-library",
            "extra": {
                "installer-name": "jquery.image-picker"
            }
        },
        {
            "name": "jquery/inputmask",
            "version": "3.3.4",
            "dist": {
                "type": "zip",
                "url": "https://github.com/RobinHerbots/jquery.inputmask/archive/3.3.4.zip",
                "reference": null,
                "shasum": null
            },
            "require": {
                "composer/installers": "~1.0"
            },
            "type": "drupal-library",
            "extra": {
                "installer-name": "jquery.inputmask"
            }
        },
        {
            "name": "jquery/intl-tel-input",
            "version": "11.0.12",
            "dist": {
                "type": "zip",
                "url": "https://github.com/jackocnr/intl-tel-input/archive/v11.0.12.zip",
                "reference": null,
                "shasum": null
            },
            "require": {
                "composer/installers": "~1.0"
            },
            "type": "drupal-library",
            "extra": {
                "installer-name": "jquery.intl-tel-input"
            }
        },
        {
            "name": "jquery/rateit",
            "version": "1.1.1",
            "dist": {
                "type": "zip",
                "url": "https://github.com/gjunge/rateit.js/archive/1.1.1.zip",
                "reference": null,
                "shasum": null
            },
            "require": {
                "composer/installers": "~1.0"
            },
            "type": "drupal-library",
            "extra": {
                "installer-name": "jquery.rateit"
            }
        },
        {
            "name": "jquery/select2",
            "version": "4.0.3",
            "dist": {
                "type": "zip",
                "url": "https://github.com/select2/select2/archive/4.0.3.zip",
                "reference": null,
                "shasum": null
            },
            "require": {
                "composer/installers": "~1.0"
            },
            "type": "drupal-library",
            "extra": {
                "installer-name": "jquery.select2"
            }
        },
        {
            "name": "jquery/timepicker",
            "version": "1.11.10",
            "dist": {
                "type": "zip",
                "url": "https://github.com/jonthornton/jquery-timepicker/archive/1.11.10.zip",
                "reference": null,
                "shasum": null
            },
            "require": {
                "composer/installers": "~1.0"
            },
            "type": "drupal-library",
            "extra": {
                "installer-name": "jquery.timepicker"
            }
        },
        {
            "name": "jquery/toggles",
            "version": "4.0.0",
            "dist": {
                "type": "zip",
                "url": "https://github.com/simontabor/jquery-toggles/archive/v4.0.0.zip",
                "reference": null,
                "shasum": null
            },
            "require": {
                "composer/installers": "~1.0"
            },
            "type": "drupal-library",
            "extra": {
                "installer-name": "jquery.toggles"
            }
        },
        {
            "name": "jquery/word-and-character-counter",
            "version": "2.3.5",
            "dist": {
                "type": "zip",
                "url": "https://github.com/qwertypants/jQuery-Word-and-Character-Counter-Plugin/archive/2.3.5.zip",
                "reference": null,
                "shasum": null
            },
            "require": {
                "composer/installers": "~1.0"
            },
            "type": "drupal-library",
            "extra": {
                "installer-name": "jquery.word-and-character-counter"
            }
        },
        {
            "name": "progress-tracker/progress-tracker",
            "version": "1.4.0",
            "dist": {
                "type": "zip",
                "url": "https://github.com/NigelOToole/progress-tracker/archive/v1.4.0.zip",
                "reference": null,
                "shasum": null
            },
            "require": {
                "composer/installers": "~1.0"
            },
            "type": "drupal-library",
            "extra": {
                "installer-name": "progress-tracker"
            }
        },
        {
            "name": "signature_pad/signature_pad",
            "version": "1.5.3",
            "dist": {
                "type": "zip",
                "url": "https://github.com/szimek/signature_pad/archive/v1.5.3.zip",
                "reference": null,
                "shasum": null
            },
            "require": {
                "composer/installers": "~1.0"
            },
            "type": "drupal-library",
            "extra": {
                "installer-name": "signature_pad"
            }
        }
    ],
    "packages-dev": [],
    "aliases": [],
    "minimum-stability": "stable",
    "stability-flags": [],
    "prefer-stable": false,
    "prefer-lowest": false,
    "platform": [],
    "platform-dev": []
}
